
Microsoft Visual Studio Solution File, Format Version 12.00
# Visual Studio Version 17
VisualStudioVersion = 17.9.34728.123
MinimumVisualStudioVersion = 10.0.40219.1
Project("{FAE04EC0-301F-11D3-BF4B-00C04F79EFBC}") = "KuolungShouhua_inclass1", "KuolungShouhua_inclass1\KuolungShouhua_inclass1.csproj", "{477E49E7-63E8-4CC7-A757-7CFA74480D46}"
EndProject
Global
	GlobalSection(SolutionConfigurationPlatforms) = preSolution
		Debug|Any CPU = Debug|Any CPU
		Release|Any CPU = Release|Any CPU
	EndGlobalSection
	GlobalSection(ProjectConfigurationPlatforms) = postSolution
		{477E49E7-63E8-4CC7-A757-7CFA74480D46}.Debug|Any CPU.ActiveCfg = Debug|Any CPU
		{477E49E7-63E8-4CC7-A757-7CFA74480D46}.Debug|Any CPU.Build.0 = Debug|Any CPU
		{477E49E7-63E8-4CC7-A757-7CFA74480D46}.Release|Any CPU.ActiveCfg = Release|Any CPU
		{477E49E7-63E8-4CC7-A757-7CFA74480D46}.Release|Any CPU.Build.0 = Release|Any CPU
	EndGlobalSection
	GlobalSection(SolutionProperties) = preSolution
		HideSolutionNode = FALSE
	EndGlobalSection
	GlobalSection(ExtensibilityGlobals) = postSolution
		SolutionGuid = {BB0E5063-2421-486C-BB4A-D1AE9506CC4B}
	EndGlobalSection
EndGlobal
